
Microsoft Visual Studio Solution File, Format Version 12.00
# Visual Studio 2013
VisualStudioVersion = 12.0.31101.0
MinimumVisualStudioVersion = 10.0.40219.1
Project("{FAE04EC0-301F-11D3-BF4B-00C04F79EFBC}") = "Land.Data", "Land.Data\Land.Data.csproj", "{C7DEA01A-5276-4491-A5B8-0B3134B27102}"
EndProject
Project("{FAE04EC0-301F-11D3-BF4B-00C04F79EFBC}") = "Land.Services", "Land.Services\Land.Services.csproj", "{848CBC4B-771F-4BDB-9DC9-0445AF138536}"
EndProject
Project("{FAE04EC0-301F-11D3-BF4B-00C04F79EFBC}") = "Land.WebApi", "Land.WebApi\Land.WebApi.csproj", "{3D5EC471-0F50-4D0C-8B00-5A6AD3E4EDB5}"
EndProject
Project("{FAE04EC0-301F-11D3-BF4B-00C04F79EFBC}") = "Land.MVC.SPA", "Land.MVC.SPA\Land.MVC.SPA.csproj", "{6EE44A3A-BA48-42F7-9D32-409D606ADF83}"
EndProject
Global
	GlobalSection(SolutionConfigurationPlatforms) = preSolution
		Debug|Any CPU = Debug|Any CPU
		Release|Any CPU = Release|Any CPU
	EndGlobalSection
	GlobalSection(ProjectConfigurationPlatforms) = postSolution
		{C7DEA01A-5276-4491-A5B8-0B3134B27102}.Debug|Any CPU.ActiveCfg = Debug|Any CPU
		{C7DEA01A-5276-4491-A5B8-0B3134B27102}.Debug|Any CPU.Build.0 = Debug|Any CPU
		{C7DEA01A-5276-4491-A5B8-0B3134B27102}.Release|Any CPU.ActiveCfg = Release|Any CPU
		{C7DEA01A-5276-4491-A5B8-0B3134B27102}.Release|Any CPU.Build.0 = Release|Any CPU
		{848CBC4B-771F-4BDB-9DC9-0445AF138536}.Debug|Any CPU.ActiveCfg = Debug|Any CPU
		{848CBC4B-771F-4BDB-9DC9-0445AF138536}.Debug|Any CPU.Build.0 = Debug|Any CPU
		{848CBC4B-771F-4BDB-9DC9-0445AF138536}.Release|Any CPU.ActiveCfg = Release|Any CPU
		{848CBC4B-771F-4BDB-9DC9-0445AF138536}.Release|Any CPU.Build.0 = Release|Any CPU
		{3D5EC471-0F50-4D0C-8B00-5A6AD3E4EDB5}.Debug|Any CPU.ActiveCfg = Debug|Any CPU
		{3D5EC471-0F50-4D0C-8B00-5A6AD3E4EDB5}.Debug|Any CPU.Build.0 = Debug|Any CPU
		{3D5EC471-0F50-4D0C-8B00-5A6AD3E4EDB5}.Release|Any CPU.ActiveCfg = Release|Any CPU
		{3D5EC471-0F50-4D0C-8B00-5A6AD3E4EDB5}.Release|Any CPU.Build.0 = Release|Any CPU
		{6EE44A3A-BA48-42F7-9D32-409D606ADF83}.Debug|Any CPU.ActiveCfg = Debug|Any CPU
		{6EE44A3A-BA48-42F7-9D32-409D606ADF83}.Debug|Any CPU.Build.0 = Debug|Any CPU
		{6EE44A3A-BA48-42F7-9D32-409D606ADF83}.Release|Any CPU.ActiveCfg = Release|Any CPU
		{6EE44A3A-BA48-42F7-9D32-409D606ADF83}.Release|Any CPU.Build.0 = Release|Any CPU
	EndGlobalSection
	GlobalSection(SolutionProperties) = preSolution
		HideSolutionNode = FALSE
	EndGlobalSection
EndGlobal
